
Microsoft Visual Studio Solution File, Format Version 12.00
# Visual Studio 15
VisualStudioVersion = 15.0.28010.2016
MinimumVisualStudioVersion = 10.0.40219.1
Project("{FAE04EC0-301F-11D3-BF4B-00C04F79EFBC}") = "MockStoryboarding.Android", "MockStoryboarding\MockStoryboarding.Android\MockStoryboarding.Android.csproj", "{4C0EF094-D981-488C-90CE-8C21FF04E97C}"
EndProject
Project("{FAE04EC0-301F-11D3-BF4B-00C04F79EFBC}") = "MockStoryboarding.iOS", "MockStoryboarding\MockStoryboarding.iOS\MockStoryboarding.iOS.csproj", "{AE9BA5D2-8E8F-4FCC-B81A-02F4A53F9CDE}"
EndProject
Project("{FAE04EC0-301F-11D3-BF4B-00C04F79EFBC}") = "MockStoryboarding", "MockStoryboarding\MockStoryboarding\MockStoryboarding.csproj", "{8D55FBE2-DBCA-4416-A785-D579C6B15945}"
EndProject
Global
	GlobalSection(SolutionConfigurationPlatforms) = preSolution
		Ad-Hoc|Any CPU = Ad-Hoc|Any CPU
		Ad-Hoc|iPhone = Ad-Hoc|iPhone
		Ad-Hoc|iPhoneSimulator = Ad-Hoc|iPhoneSimulator
		AppStore|Any CPU = AppStore|Any CPU
		AppStore|iPhone = AppStore|iPhone
		AppStore|iPhoneSimulator = AppStore|iPhoneSimulator
		Debug|Any CPU = Debug|Any CPU
		Debug|iPhone = Debug|iPhone
		Debug|iPhoneSimulator = Debug|iPhoneSimulator
		Release|Any CPU = Release|Any CPU
		Release|iPhone = Release|iPhone
		Release|iPhoneSimulator = Release|iPhoneSimulator
	EndGlobalSection
	GlobalSection(ProjectConfigurationPlatforms) = postSolution
		{4C0EF094-D981-488C-90CE-8C21FF04E97C}.Ad-Hoc|Any CPU.ActiveCfg = Release|Any CPU
		{4C0EF094-D981-488C-90CE-8C21FF04E97C}.Ad-Hoc|Any CPU.Build.0 = Release|Any CPU
		{4C0EF094-D981-488C-90CE-8C21FF04E97C}.Ad-Hoc|Any CPU.Deploy.0 = Release|Any CPU
		{4C0EF094-D981-488C-90CE-8C21FF04E97C}.Ad-Hoc|iPhone.ActiveCfg = Release|Any CPU
		{4C0EF094-D981-488C-90CE-8C21FF04E97C}.Ad-Hoc|iPhone.Build.0 = Release|Any CPU
		{4C0EF094-D981-488C-90CE-8C21FF04E97C}.Ad-Hoc|iPhone.Deploy.0 = Release|Any CPU
		{4C0EF094-D981-488C-90CE-8C21FF04E97C}.Ad-Hoc|iPhoneSimulator.ActiveCfg = Release|Any CPU
		{4C0EF094-D981-488C-90CE-8C21FF04E97C}.Ad-Hoc|iPhoneSimulator.Build.0 = Release|Any CPU
		{4C0EF094-D981-488C-90CE-8C21FF04E97C}.Ad-Hoc|iPhoneSimulator.Deploy.0 = Release|Any CPU
		{4C0EF094-D981-488C-90CE-8C21FF04E97C}.AppStore|Any CPU.ActiveCfg = Release|Any CPU
		{4C0EF094-D981-488C-90CE-8C21FF04E97C}.AppStore|Any CPU.Build.0 = Release|Any CPU
		{4C0EF094-D981-488C-90CE-8C21FF04E97C}.AppStore|Any CPU.Deploy.0 = Release|Any CPU
		{4C0EF094-D981-488C-90CE-8C21FF04E97C}.AppStore|iPhone.ActiveCfg = Release|Any CPU
		{4C0EF094-D981-488C-90CE-8C21FF04E97C}.AppStore|iPhone.Build.0 = Release|Any CPU
		{4C0EF094-D981-488C-90CE-8C21FF04E97C}.AppStore|iPhone.Deploy.0 = Release|Any CPU
		{4C0EF094-D981-488C-90CE-8C21FF04E97C}.AppStore|iPhoneSimulator.ActiveCfg = Release|Any CPU
		{4C0EF094-D981-488C-90CE-8C21FF04E97C}.AppStore|iPhoneSimulator.Build.0 = Release|Any CPU
		{4C0EF094-D981-488C-90CE-8C21FF04E97C}.AppStore|iPhoneSimulator.Deploy.0 = Release|Any CPU
		{4C0EF094-D981-488C-90CE-8C21FF04E97C}.Debug|Any CPU.ActiveCfg = Debug|Any CPU
		{4C0EF094-D981-488C-90CE-8C21FF04E97C}.Debug|Any CPU.Build.0 = Debug|Any CPU
		{4C0EF094-D981-488C-90CE-8C21FF04E97C}.Debug|Any CPU.Deploy.0 = Debug|Any CPU
		{4C0EF094-D981-488C-90CE-8C21FF04E97C}.Debug|iPhone.ActiveCfg = Debug|Any CPU
		{4C0EF094-D981-488C-90CE-8C21FF04E97C}.Debug|iPhone.Build.0 = Debug|Any CPU
		{4C0EF094-D981-488C-90CE-8C21FF04E97C}.Debug|iPhone.Deploy.0 = Debug|Any CPU
		{4C0EF094-D981-488C-90CE-8C21FF04E97C}.Debug|iPhoneSimulator.ActiveCfg = Debug|Any CPU
		{4C0EF094-D981-488C-90CE-8C21FF04E97C}.Debug|iPhoneSimulator.Build.0 = Debug|Any CPU
		{4C0EF094-D981-488C-90CE-8C21FF04E97C}.Debug|iPhoneSimulator.Deploy.0 = Debug|Any CPU
		{4C0EF094-D981-488C-90CE-8C21FF04E97C}.Release|Any CPU.ActiveCfg = Release|Any CPU
		{4C0EF094-D981-488C-90CE-8C21FF04E97C}.Release|Any CPU.Build.0 = Release|Any CPU
		{4C0EF094-D981-488C-90CE-8C21FF04E97C}.Release|Any CPU.Deploy.0 = Release|Any CPU
		{4C0EF094-D981-488C-90CE-8C21FF04E97C}.Release|iPhone.ActiveCfg = Release|Any CPU
		{4C0EF094-D981-488C-90CE-8C21FF04E97C}.Release|iPhone.Build.0 = Release|Any CPU
		{4C0EF094-D981-488C-90CE-8C21FF04E97C}.Release|iPhone.Deploy.0 = Release|Any CPU
		{4C0EF094-D981-488C-90CE-8C21FF04E97C}.Release|iPhoneSimulator.ActiveCfg = Release|Any CPU
		{4C0EF094-D981-488C-90CE-8C21FF04E97C}.Release|iPhoneSimulator.Build.0 = Release|Any CPU
		{4C0EF094-D981-488C-90CE-8C21FF04E97C}.Release|iPhoneSimulator.Deploy.0 = Release|Any CPU
		{AE9BA5D2-8E8F-4FCC-B81A-02F4A53F9CDE}.Ad-Hoc|Any CPU.ActiveCfg = Ad-Hoc|iPhone
		{AE9BA5D2-8E8F-4FCC-B81A-02F4A53F9CDE}.Ad-Hoc|Any CPU.Build.0 = Ad-Hoc|iPhone
		{AE9BA5D2-8E8F-4FCC-B81A-02F4A53F9CDE}.Ad-Hoc|Any CPU.Deploy.0 = Ad-Hoc|iPhone
		{AE9BA5D2-8E8F-4FCC-B81A-02F4A53F9CDE}.Ad-Hoc|iPhone.ActiveCfg = Ad-Hoc|iPhone
		{AE9BA5D2-8E8F-4FCC-B81A-02F4A53F9CDE}.Ad-Hoc|iPhone.Build.0 = Ad-Hoc|iPhone
		{AE9BA5D2-8E8F-4FCC-B81A-02F4A53F9CDE}.Ad-Hoc|iPhone.Deploy.0 = Ad-Hoc|iPhone
		{AE9BA5D2-8E8F-4FCC-B81A-02F4A53F9CDE}.Ad-Hoc|iPhoneSimulator.ActiveCfg = Ad-Hoc|iPhoneSimulator
		{AE9BA5D2-8E8F-4FCC-B81A-02F4A53F9CDE}.Ad-Hoc|iPhoneSimulator.Build.0 = Ad-Hoc|iPhoneSimulator
		{AE9BA5D2-8E8F-4FCC-B81A-02F4A53F9CDE}.Ad-Hoc|iPhoneSimulator.Deploy.0 = Ad-Hoc|iPhoneSimulator
		{AE9BA5D2-8E8F-4FCC-B81A-02F4A53F9CDE}.AppStore|Any CPU.ActiveCfg = AppStore|iPhone
		{AE9BA5D2-8E8F-4FCC-B81A-02F4A53F9CDE}.AppStore|Any CPU.Build.0 = AppStore|iPhone
		{AE9BA5D2-8E8F-4FCC-B81A-02F4A53F9CDE}.AppStore|Any CPU.Deploy.0 = AppStore|iPhone
		{AE9BA5D2-8E8F-4FCC-B81A-02F4A53F9CDE}.AppStore|iPhone.ActiveCfg = AppStore|iPhone
		{AE9BA5D2-8E8F-4FCC-B81A-02F4A53F9CDE}.AppStore|iPhone.Build.0 = AppStore|iPhone
		{AE9BA5D2-8E8F-4FCC-B81A-02F4A53F9CDE}.AppStore|iPhone.Deploy.0 = AppStore|iPhone
		{AE9BA5D2-8E8F-4FCC-B81A-02F4A53F9CDE}.AppStore|iPhoneSimulator.ActiveCfg = AppStore|iPhoneSimulator
		{AE9BA5D2-8E8F-4FCC-B81A-02F4A53F9CDE}.AppStore|iPhoneSimulator.Build.0 = AppStore|iPhoneSimulator
		{AE9BA5D2-8E8F-4FCC-B81A-02F4A53F9CDE}.AppStore|iPhoneSimulator.Deploy.0 = AppStore|iPhoneSimulator
		{AE9BA5D2-8E8F-4FCC-B81A-02F4A53F9CDE}.Debug|Any CPU.ActiveCfg = Debug|iPhoneSimulator
		{AE9BA5D2-8E8F-4FCC-B81A-02F4A53F9CDE}.Debug|Any CPU.Build.0 = Debug|iPhoneSimulator
		{AE9BA5D2-8E8F-4FCC-B81A-02F4A53F9CDE}.Debug|Any CPU.Deploy.0 = Debug|iPhoneSimulator
		{AE9BA5D2-8E8F-4FCC-B81A-02F4A53F9CDE}.Debug|iPhone.ActiveCfg = Debug|iPhone
		{AE9BA5D2-8E8F-4FCC-B81A-02F4A53F9CDE}.Debug|iPhone.Build.0 = Debug|iPhone
		{AE9BA5D2-8E8F-4FCC-B81A-02F4A53F9CDE}.Debug|iPhone.Deploy.0 = Debug|iPhone
		{AE9BA5D2-8E8F-4FCC-B81A-02F4A53F9CDE}.Debug|iPhoneSimulator.ActiveCfg = Debug|iPhoneSimulator
		{AE9BA5D2-8E8F-4FCC-B81A-02F4A53F9CDE}.Debug|iPhoneSimulator.Build.0 = Debug|iPhoneSimulator
		{AE9BA5D2-8E8F-4FCC-B81A-02F4A53F9CDE}.Debug|iPhoneSimulator.Deploy.0 = Debug|iPhoneSimulator
		{AE9BA5D2-8E8F-4FCC-B81A-02F4A53F9CDE}.Release|Any CPU.ActiveCfg = Release|iPhone
		{AE9BA5D2-8E8F-4FCC-B81A-02F4A53F9CDE}.Release|Any CPU.Build.0 = Release|iPhone
		{AE9BA5D2-8E8F-4FCC-B81A-02F4A53F9CDE}.Release|Any CPU.Deploy.0 = Release|iPhone
		{AE9BA5D2-8E8F-4FCC-B81A-02F4A53F9CDE}.Release|iPhone.ActiveCfg = Release|iPhone
		{AE9BA5D2-8E8F-4FCC-B81A-02F4A53F9CDE}.Release|iPhone.Build.0 = Release|iPhone
		{AE9BA5D2-8E8F-4FCC-B81A-02F4A53F9CDE}.Release|iPhone.Deploy.0 = Release|iPhone
		{AE9BA5D2-8E8F-4FCC-B81A-02F4A53F9CDE}.Release|iPhoneSimulator.ActiveCfg = Release|iPhoneSimulator
		{AE9BA5D2-8E8F-4FCC-B81A-02F4A53F9CDE}.Release|iPhoneSimulator.Build.0 = Release|iPhoneSimulator
		{AE9BA5D2-8E8F-4FCC-B81A-02F4A53F9CDE}.Release|iPhoneSimulator.Deploy.0 = Release|iPhoneSimulator
		{8D55FBE2-DBCA-4416-A785-D579C6B15945}.Ad-Hoc|Any CPU.ActiveCfg = Debug|Any CPU
		{8D55FBE2-DBCA-4416-A785-D579C6B15945}.Ad-Hoc|Any CPU.Build.0 = Debug|Any CPU
		{8D55FBE2-DBCA-4416-A785-D579C6B15945}.Ad-Hoc|Any CPU.Deploy.0 = Debug|Any CPU
		{8D55FBE2-DBCA-4416-A785-D579C6B15945}.Ad-Hoc|iPhone.ActiveCfg = Debug|Any CPU
		{8D55FBE2-DBCA-4416-A785-D579C6B15945}.Ad-Hoc|iPhone.Build.0 = Debug|Any CPU
		{8D55FBE2-DBCA-4416-A785-D579C6B15945}.Ad-Hoc|iPhone.Deploy.0 = Debug|Any CPU
		{8D55FBE2-DBCA-4416-A785-D579C6B15945}.Ad-Hoc|iPhoneSimulator.ActiveCfg = Debug|Any CPU
		{8D55FBE2-DBCA-4416-A785-D579C6B15945}.Ad-Hoc|iPhoneSimulator.Build.0 = Debug|Any CPU
		{8D55FBE2-DBCA-4416-A785-D579C6B15945}.Ad-Hoc|iPhoneSimulator.Deploy.0 = Debug|Any CPU
		{8D55FBE2-DBCA-4416-A785-D579C6B15945}.AppStore|Any CPU.ActiveCfg = Debug|Any CPU
		{8D55FBE2-DBCA-4416-A785-D579C6B15945}.AppStore|Any CPU.Build.0 = Debug|Any CPU
		{8D55FBE2-DBCA-4416-A785-D579C6B15945}.AppStore|Any CPU.Deploy.0 = Debug|Any CPU
		{8D55FBE2-DBCA-4416-A785-D579C6B15945}.AppStore|iPhone.ActiveCfg = Debug|Any CPU
		{8D55FBE2-DBCA-4416-A785-D579C6B15945}.AppStore|iPhone.Build.0 = Debug|Any CPU
		{8D55FBE2-DBCA-4416-A785-D579C6B15945}.AppStore|iPhone.Deploy.0 = Debug|Any CPU
		{8D55FBE2-DBCA-4416-A785-D579C6B15945}.AppStore|iPhoneSimulator.ActiveCfg = Debug|Any CPU
		{8D55FBE2-DBCA-4416-A785-D579C6B15945}.AppStore|iPhoneSimulator.Build.0 = Debug|Any CPU
		{8D55FBE2-DBCA-4416-A785-D579C6B15945}.AppStore|iPhoneSimulator.Deploy.0 = Debug|Any CPU
		{8D55FBE2-DBCA-4416-A785-D579C6B15945}.Debug|Any CPU.ActiveCfg = Debug|Any CPU
		{8D55FBE2-DBCA-4416-A785-D579C6B15945}.Debug|Any CPU.Build.0 = Debug|Any CPU
		{8D55FBE2-DBCA-4416-A785-D579C6B15945}.Debug|Any CPU.Deploy.0 = Debug|Any CPU
		{8D55FBE2-DBCA-4416-A785-D579C6B15945}.Debug|iPhone.ActiveCfg = Debug|Any CPU
		{8D55FBE2-DBCA-4416-A785-D579C6B15945}.Debug|iPhone.Build.0 = Debug|Any CPU
		{8D55FBE2-DBCA-4416-A785-D579C6B15945}.Debug|iPhone.Deploy.0 = Debug|Any CPU
		{8D55FBE2-DBCA-4416-A785-D579C6B15945}.Debug|iPhoneSimulator.ActiveCfg = Debug|Any CPU
		{8D55FBE2-DBCA-4416-A785-D579C6B15945}.Debug|iPhoneSimulator.Build.0 = Debug|Any CPU
		{8D55FBE2-DBCA-4416-A785-D579C6B15945}.Debug|iPhoneSimulator.Deploy.0 = Debug|Any CPU
		{8D55FBE2-DBCA-4416-A785-D579C6B15945}.Release|Any CPU.ActiveCfg = Release|Any CPU
		{8D55FBE2-DBCA-4416-A785-D579C6B15945}.Release|Any CPU.Build.0 = Release|Any CPU
		{8D55FBE2-DBCA-4416-A785-D579C6B15945}.Release|Any CPU.Deploy.0 = Release|Any CPU
		{8D55FBE2-DBCA-4416-A785-D579C6B15945}.Release|iPhone.ActiveCfg = Release|Any CPU
		{8D55FBE2-DBCA-4416-A785-D579C6B15945}.Release|iPhone.Build.0 = Release|Any CPU
		{8D55FBE2-DBCA-4416-A785-D579C6B15945}.Release|iPhone.Deploy.0 = Release|Any CPU
		{8D55FBE2-DBCA-4416-A785-D579C6B15945}.Release|iPhoneSimulator.ActiveCfg = Release|Any CPU
		{8D55FBE2-DBCA-4416-A785-D579C6B15945}.Release|iPhoneSimulator.Build.0 = Release|Any CPU
		{8D55FBE2-DBCA-4416-A785-D579C6B15945}.Release|iPhoneSimulator.Deploy.0 = Release|Any CPU
	EndGlobalSection
	GlobalSection(SolutionProperties) = preSolution
		HideSolutionNode = FALSE
	EndGlobalSection
	GlobalSection(ExtensibilityGlobals) = postSolution
		SolutionGuid = {2B806D26-FACA-44E4-9ED9-36067EDFA877}
	EndGlobalSection
EndGlobal
